
Microsoft Visual Studio Solution File, Format Version 12.00
# Visual Studio 15
VisualStudioVersion = 15.0.28307.271
MinimumVisualStudioVersion = 10.0.40219.1
Project("{9A19103F-16F7-4668-BE54-9A1E7A4F7556}") = "Razor2Pdf", "Razor2Pdf\Razor2Pdf.csproj", "{7C00FAB5-3506-4307-8C51-A2B3747B705D}"
EndProject
Project("{9A19103F-16F7-4668-BE54-9A1E7A4F7556}") = "Razor2Pdf.Tests", "Razor2Pdf.Tests\Razor2Pdf.Tests.csproj", "{40AE6422-8384-4E5B-9321-B4A84388EA54}"
EndProject
Project("{2150E333-8FDC-42A3-9474-1A3956D46DE8}") = "Samples", "Samples", "{ECE8E8FC-E6E2-48C3-813F-6F15189F0F1A}"
EndProject
Project("{9A19103F-16F7-4668-BE54-9A1E7A4F7556}") = "Razor2Pdf.Samples.ConsoleApp", "Razor2Pdf.Samples.ConsoleApp\Razor2Pdf.Samples.ConsoleApp.csproj", "{5DA8EE76-0B21-4C72-BF4F-3C6815A62838}"
EndProject
Project("{9A19103F-16F7-4668-BE54-9A1E7A4F7556}") = "Razor2Pdf.Samples.WebApi", "Razor2Pdf.Samples.WebApi\Razor2Pdf.Samples.WebApi.csproj", "{6484E6E5-4A36-4668-9FF2-575A4F062206}"
EndProject
Project("{FAE04EC0-301F-11D3-BF4B-00C04F79EFBC}") = "Razor2Pdf.Samples.WebApp", "Razor2Pdf.Samples.WebApp\Razor2Pdf.Samples.WebApp.csproj", "{5DFCEA3C-4622-4E22-888F-9EDC8F2E6A0F}"
EndProject
Global
	GlobalSection(SolutionConfigurationPlatforms) = preSolution
		Debug|Any CPU = Debug|Any CPU
		Release|Any CPU = Release|Any CPU
	EndGlobalSection
	GlobalSection(ProjectConfigurationPlatforms) = postSolution
		{7C00FAB5-3506-4307-8C51-A2B3747B705D}.Debug|Any CPU.ActiveCfg = Debug|Any CPU
		{7C00FAB5-3506-4307-8C51-A2B3747B705D}.Debug|Any CPU.Build.0 = Debug|Any CPU
		{7C00FAB5-3506-4307-8C51-A2B3747B705D}.Release|Any CPU.ActiveCfg = Release|Any CPU
		{7C00FAB5-3506-4307-8C51-A2B3747B705D}.Release|Any CPU.Build.0 = Release|Any CPU
		{40AE6422-8384-4E5B-9321-B4A84388EA54}.Debug|Any CPU.ActiveCfg = Debug|Any CPU
		{40AE6422-8384-4E5B-9321-B4A84388EA54}.Debug|Any CPU.Build.0 = Debug|Any CPU
		{40AE6422-8384-4E5B-9321-B4A84388EA54}.Release|Any CPU.ActiveCfg = Release|Any CPU
		{40AE6422-8384-4E5B-9321-B4A84388EA54}.Release|Any CPU.Build.0 = Release|Any CPU
		{5DA8EE76-0B21-4C72-BF4F-3C6815A62838}.Debug|Any CPU.ActiveCfg = Debug|Any CPU
		{5DA8EE76-0B21-4C72-BF4F-3C6815A62838}.Debug|Any CPU.Build.0 = Debug|Any CPU
		{5DA8EE76-0B21-4C72-BF4F-3C6815A62838}.Release|Any CPU.ActiveCfg = Release|Any CPU
		{5DA8EE76-0B21-4C72-BF4F-3C6815A62838}.Release|Any CPU.Build.0 = Release|Any CPU
		{6484E6E5-4A36-4668-9FF2-575A4F062206}.Debug|Any CPU.ActiveCfg = Debug|Any CPU
		{6484E6E5-4A36-4668-9FF2-575A4F062206}.Debug|Any CPU.Build.0 = Debug|Any CPU
		{6484E6E5-4A36-4668-9FF2-575A4F062206}.Release|Any CPU.ActiveCfg = Release|Any CPU
		{6484E6E5-4A36-4668-9FF2-575A4F062206}.Release|Any CPU.Build.0 = Release|Any CPU
		{5DFCEA3C-4622-4E22-888F-9EDC8F2E6A0F}.Debug|Any CPU.ActiveCfg = Debug|Any CPU
		{5DFCEA3C-4622-4E22-888F-9EDC8F2E6A0F}.Debug|Any CPU.Build.0 = Debug|Any CPU
		{5DFCEA3C-4622-4E22-888F-9EDC8F2E6A0F}.Release|Any CPU.ActiveCfg = Release|Any CPU
		{5DFCEA3C-4622-4E22-888F-9EDC8F2E6A0F}.Release|Any CPU.Build.0 = Release|Any CPU
	EndGlobalSection
	GlobalSection(SolutionProperties) = preSolution
		HideSolutionNode = FALSE
	EndGlobalSection
	GlobalSection(NestedProjects) = preSolution
		{5DA8EE76-0B21-4C72-BF4F-3C6815A62838} = {ECE8E8FC-E6E2-48C3-813F-6F15189F0F1A}
		{6484E6E5-4A36-4668-9FF2-575A4F062206} = {ECE8E8FC-E6E2-48C3-813F-6F15189F0F1A}
		{5DFCEA3C-4622-4E22-888F-9EDC8F2E6A0F} = {ECE8E8FC-E6E2-48C3-813F-6F15189F0F1A}
	EndGlobalSection
	GlobalSection(ExtensibilityGlobals) = postSolution
		SolutionGuid = {A8D728AF-C379-4A22-AC01-6C11C684D2B0}
	EndGlobalSection
EndGlobal
